
Microsoft Visual Studio Solution File, Format Version 12.00
# Visual Studio Version 17
VisualStudioVersion = 17.3.32804.467
MinimumVisualStudioVersion = 10.0.40219.1
Project("{FAE04EC0-301F-11D3-BF4B-00C04F79EFBC}") = "RssManager", "RssManager\RssManager.csproj", "{F235A9AC-E0CC-4122-8D55-CE9AC9E9F674}"
EndProject
Global
	GlobalSection(SolutionConfigurationPlatforms) = preSolution
		Debug|Any CPU = Debug|Any CPU
		Release|Any CPU = Release|Any CPU
	EndGlobalSection
	GlobalSection(ProjectConfigurationPlatforms) = postSolution
		{F235A9AC-E0CC-4122-8D55-CE9AC9E9F674}.Debug|Any CPU.ActiveCfg = Debug|Any CPU
		{F235A9AC-E0CC-4122-8D55-CE9AC9E9F674}.Debug|Any CPU.Build.0 = Debug|Any CPU
		{F235A9AC-E0CC-4122-8D55-CE9AC9E9F674}.Release|Any CPU.ActiveCfg = Release|Any CPU
		{F235A9AC-E0CC-4122-8D55-CE9AC9E9F674}.Release|Any CPU.Build.0 = Release|Any CPU
	EndGlobalSection
	GlobalSection(SolutionProperties) = preSolution
		HideSolutionNode = FALSE
	EndGlobalSection
	GlobalSection(ExtensibilityGlobals) = postSolution
		SolutionGuid = {C1C6E667-453D-4E33-8AC6-F84B3398C8B4}
	EndGlobalSection
EndGlobal
